
Microsoft Visual Studio Solution File, Format Version 12.00
# Visual Studio Version 17
VisualStudioVersion = 17.14.36202.13 d17.14
MinimumVisualStudioVersion = 10.0.40219.1
Project("{FAE04EC0-301F-11D3-BF4B-00C04F79EFBC}") = "Smart_Bus", "Smart_Bus\Smart_Bus.csproj", "{3CF2F534-FDF5-4A23-AEF2-203E6DE5588A}"
EndProject
Global
	GlobalSection(SolutionConfigurationPlatforms) = preSolution
		Debug|Any CPU = Debug|Any CPU
		Release|Any CPU = Release|Any CPU
	EndGlobalSection
	GlobalSection(ProjectConfigurationPlatforms) = postSolution
		{3CF2F534-FDF5-4A23-AEF2-203E6DE5588A}.Debug|Any CPU.ActiveCfg = Debug|Any CPU
		{3CF2F534-FDF5-4A23-AEF2-203E6DE5588A}.Debug|Any CPU.Build.0 = Debug|Any CPU
		{3CF2F534-FDF5-4A23-AEF2-203E6DE5588A}.Release|Any CPU.ActiveCfg = Release|Any CPU
		{3CF2F534-FDF5-4A23-AEF2-203E6DE5588A}.Release|Any CPU.Build.0 = Release|Any CPU
	EndGlobalSection
	GlobalSection(SolutionProperties) = preSolution
		HideSolutionNode = FALSE
	EndGlobalSection
	GlobalSection(ExtensibilityGlobals) = postSolution
		SolutionGuid = {463FD6BF-4258-490E-A129-250D931A7A5F}
	EndGlobalSection
EndGlobal
